// !$*UTF8*$!
{
	archiveVersion = 1;
	classes = {
	};
	objectVersion = 48;
	objects = {

/* Begin PBXBuildFile section */
		764B521622AEDF4200997DF1 /* AppDelegate.swift in Sources */ = {isa = PBXBuildFile; fileRef = 764B521522AEDF4200997DF1 /* AppDelegate.swift */; };
		764B521822AEDF4200997DF1 /* ListMoviesViewController.swift in Sources */ = {isa = PBXBuildFile; fileRef = 764B521722AEDF4200997DF1 /* ListMoviesViewController.swift */; };
		764B521E22AEDF4200997DF1 /* MovieApp.xcdatamodeld in Sources */ = {isa = PBXBuildFile; fileRef = 764B521C22AEDF4200997DF1 /* MovieApp.xcdatamodeld */; };
		764B522022AEDF4200997DF1 /* Assets.xcassets in Resources */ = {isa = PBXBuildFile; fileRef = 764B521F22AEDF4200997DF1 /* Assets.xcassets */; };
		764B522322AEDF4200997DF1 /* LaunchScreen.storyboard in Resources */ = {isa = PBXBuildFile; fileRef = 764B522122AEDF4200997DF1 /* LaunchScreen.storyboard */; };
		764B522E22AEDF4200997DF1 /* MovieAppTests.swift in Sources */ = {isa = PBXBuildFile; fileRef = 764B522D22AEDF4200997DF1 /* MovieAppTests.swift */; };
		764B523922AEDF4200997DF1 /* MovieAppUITests.swift in Sources */ = {isa = PBXBuildFile; fileRef = 764B523822AEDF4200997DF1 /* MovieAppUITests.swift */; };
		764B524722AEF46600997DF1 /* CategoryCell.swift in Sources */ = {isa = PBXBuildFile; fileRef = 764B524622AEF46600997DF1 /* CategoryCell.swift */; };
		76A11D4322BA8D24001AD90E /* Movie.swift in Sources */ = {isa = PBXBuildFile; fileRef = 76A11D4222BA8D24001AD90E /* Movie.swift */; };
		76A11D4522BA8D4D001AD90E /* MovieCategory.swift in Sources */ = {isa = PBXBuildFile; fileRef = 76A11D4422BA8D4D001AD90E /* MovieCategory.swift */; };
		76A11D4922BA8DD0001AD90E /* Extensions.swift in Sources */ = {isa = PBXBuildFile; fileRef = 76A11D4822BA8DD0001AD90E /* Extensions.swift */; };
		76A11D4C22BA8E0A001AD90E /* BaseCell.swift in Sources */ = {isa = PBXBuildFile; fileRef = 76A11D4B22BA8E0A001AD90E /* BaseCell.swift */; };
		76A11D4E22BA8E29001AD90E /* MovieDetailDescriptionCell.swift in Sources */ = {isa = PBXBuildFile; fileRef = 76A11D4D22BA8E29001AD90E /* MovieDetailDescriptionCell.swift */; };
		76A11D5022BA8E82001AD90E /* MovieDetailHeader.swift in Sources */ = {isa = PBXBuildFile; fileRef = 76A11D4F22BA8E82001AD90E /* MovieDetailHeader.swift */; };
		76A11D5222BA8EFB001AD90E /* MovieCell.swift in Sources */ = {isa = PBXBuildFile; fileRef = 76A11D5122BA8EFB001AD90E /* MovieCell.swift */; };
		76A11D5422BA8F45001AD90E /* ScreenshotImageCell.swift in Sources */ = {isa = PBXBuildFile; fileRef = 76A11D5322BA8F45001AD90E /* ScreenshotImageCell.swift */; };
		76ABDA7D22B7B0AB002F3C2D /* MovieDetailController.swift in Sources */ = {isa = PBXBuildFile; fileRef = 76ABDA7C22B7B0AB002F3C2D /* MovieDetailController.swift */; };
		76ABDA7F22B844F9002F3C2D /* ScreenShotCell.swift in Sources */ = {isa = PBXBuildFile; fileRef = 76ABDA7E22B844F9002F3C2D /* ScreenShotCell.swift */; };
/* End PBXBuildFile section */

/* Begin PBXContainerItemProxy section */
		764B522A22AEDF4200997DF1 /* PBXContainerItemProxy */ = {
			isa = PBXContainerItemProxy;
			containerPortal = 764B520A22AEDF4200997DF1 /* Project object */;
			proxyType = 1;
			remoteGlobalIDString = 764B521122AEDF4200997DF1;
			remoteInfo = AppStoreApp;
		};
		764B523522AEDF4200997DF1 /* PBXContainerItemProxy */ = {
			isa = PBXContainerItemProxy;
			containerPortal = 764B520A22AEDF4200997DF1 /* Project object */;
			proxyType = 1;
			remoteGlobalIDString = 764B521122AEDF4200997DF1;
			remoteInfo = AppStoreApp;
		};
/* End PBXContainerItemProxy section */

/* Begin PBXFileReference section */
		764B521222AEDF4200997DF1 /* MovieApp.app */ = {isa = PBXFileReference; explicitFileType = wrapper.application; includeInIndex = 0; path = MovieApp.app; sourceTree = BUILT_PRODUCTS_DIR; };
		764B521522AEDF4200997DF1 /* AppDelegate.swift */ = {isa = PBXFileReference; lastKnownFileType = sourcecode.swift; path = AppDelegate.swift; sourceTree = "<group>"; };
		764B521722AEDF4200997DF1 /* ListMoviesViewController.swift */ = {isa = PBXFileReference; lastKnownFileType = sourcecode.swift; path = ListMoviesViewController.swift; sourceTree = "<group>"; };
		764B521D22AEDF4200997DF1 /* AppStoreApp.xcdatamodel */ = {isa = PBXFileReference; lastKnownFileType = wrapper.xcdatamodel; path = AppStoreApp.xcdatamodel; sourceTree = "<group>"; };
		764B521F22AEDF4200997DF1 /* Assets.xcassets */ = {isa = PBXFileReference; lastKnownFileType = folder.assetcatalog; path = Assets.xcassets; sourceTree = "<group>"; };
		764B522222AEDF4200997DF1 /* Base */ = {isa = PBXFileReference; lastKnownFileType = file.storyboard; name = Base; path = Base.lproj/LaunchScreen.storyboard; sourceTree = "<group>"; };
		764B522422AEDF4200997DF1 /* Info.plist */ = {isa = PBXFileReference; lastKnownFileType = text.plist.xml; path = Info.plist; sourceTree = "<group>"; };
		764B522922AEDF4200997DF1 /* MovieAppTests.xctest */ = {isa = PBXFileReference; explicitFileType = wrapper.cfbundle; includeInIndex = 0; path = MovieAppTests.xctest; sourceTree = BUILT_PRODUCTS_DIR; };
		764B522D22AEDF4200997DF1 /* MovieAppTests.swift */ = {isa = PBXFileReference; lastKnownFileType = sourcecode.swift; path = MovieAppTests.swift; sourceTree = "<group>"; };
		764B522F22AEDF4200997DF1 /* Info.plist */ = {isa = PBXFileReference; lastKnownFileType = text.plist.xml; path = Info.plist; sourceTree = "<group>"; };
		764B523422AEDF4200997DF1 /* MovieAppUITests.xctest */ = {isa = PBXFileReference; explicitFileType = wrapper.cfbundle; includeInIndex = 0; path = MovieAppUITests.xctest; sourceTree = BUILT_PRODUCTS_DIR; };
		764B523822AEDF4200997DF1 /* MovieAppUITests.swift */ = {isa = PBXFileReference; lastKnownFileType = sourcecode.swift; path = MovieAppUITests.swift; sourceTree = "<group>"; };
		764B523A22AEDF4200997DF1 /* Info.plist */ = {isa = PBXFileReference; lastKnownFileType = text.plist.xml; path = Info.plist; sourceTree = "<group>"; };
		764B524622AEF46600997DF1 /* CategoryCell.swift */ = {isa = PBXFileReference; lastKnownFileType = sourcecode.swift; path = CategoryCell.swift; sourceTree = "<group>"; };
		76A11D4222BA8D24001AD90E /* Movie.swift */ = {isa = PBXFileReference; lastKnownFileType = sourcecode.swift; path = Movie.swift; sourceTree = "<group>"; };
		76A11D4422BA8D4D001AD90E /* MovieCategory.swift */ = {isa = PBXFileReference; lastKnownFileType = sourcecode.swift; path = MovieCategory.swift; sourceTree = "<group>"; };
		76A11D4822BA8DD0001AD90E /* Extensions.swift */ = {isa = PBXFileReference; lastKnownFileType = sourcecode.swift; path = Extensions.swift; sourceTree = "<group>"; };
		76A11D4B22BA8E0A001AD90E /* BaseCell.swift */ = {isa = PBXFileReference; lastKnownFileType = sourcecode.swift; path = BaseCell.swift; sourceTree = "<group>"; };
		76A11D4D22BA8E29001AD90E /* MovieDetailDescriptionCell.swift */ = {isa = PBXFileReference; lastKnownFileType = sourcecode.swift; path = MovieDetailDescriptionCell.swift; sourceTree = "<group>"; };
		76A11D4F22BA8E82001AD90E /* MovieDetailHeader.swift */ = {isa = PBXFileReference; lastKnownFileType = sourcecode.swift; path = MovieDetailHeader.swift; sourceTree = "<group>"; };
		76A11D5122BA8EFB001AD90E /* MovieCell.swift */ = {isa = PBXFileReference; lastKnownFileType = sourcecode.swift; path = MovieCell.swift; sourceTree = "<group>"; };
		76A11D5322BA8F45001AD90E /* ScreenshotImageCell.swift */ = {isa = PBXFileReference; lastKnownFileType = sourcecode.swift; path = ScreenshotImageCell.swift; sourceTree = "<group>"; };
		76ABDA7C22B7B0AB002F3C2D /* MovieDetailController.swift */ = {isa = PBXFileReference; lastKnownFileType = sourcecode.swift; path = MovieDetailController.swift; sourceTree = "<group>"; };
		76ABDA7E22B844F9002F3C2D /* ScreenShotCell.swift */ = {isa = PBXFileReference; lastKnownFileType = sourcecode.swift; path = ScreenShotCell.swift; sourceTree = "<group>"; };
/* End PBXFileReference section */

/* Begin PBXFrameworksBuildPhase section */
		764B520F22AEDF4200997DF1 /* Frameworks */ = {
			isa = PBXFrameworksBuildPhase;
			buildActionMask = 2147483647;
			files = (
			);
			runOnlyForDeploymentPostprocessing = 0;
		};
		764B522622AEDF4200997DF1 /* Frameworks */ = {
			isa = PBXFrameworksBuildPhase;
			buildActionMask = 2147483647;
			files = (
			);
			runOnlyForDeploymentPostprocessing = 0;
		};
		764B523122AEDF4200997DF1 /* Frameworks */ = {
			isa = PBXFrameworksBuildPhase;
			buildActionMask = 2147483647;
			files = (
			);
			runOnlyForDeploymentPostprocessing = 0;
		};
/* End PBXFrameworksBuildPhase section */

/* Begin PBXGroup section */
		764B520922AEDF4200997DF1 = {
			isa = PBXGroup;
			children = (
				764B521422AEDF4200997DF1 /* MovieApp */,
				764B522C22AEDF4200997DF1 /* MovieAppTests */,
				764B523722AEDF4200997DF1 /* MovieAppUITests */,
				764B521322AEDF4200997DF1 /* Products */,
			);
			sourceTree = "<group>";
		};
		764B521322AEDF4200997DF1 /* Products */ = {
			isa = PBXGroup;
			children = (
				764B521222AEDF4200997DF1 /* MovieApp.app */,
				764B522922AEDF4200997DF1 /* MovieAppTests.xctest */,
				764B523422AEDF4200997DF1 /* MovieAppUITests.xctest */,
			);
			name = Products;
			sourceTree = "<group>";
		};
		764B521422AEDF4200997DF1 /* MovieApp */ = {
			isa = PBXGroup;
			children = (
				76A11D4A22BA8DF0001AD90E /* Views */,
				76A11D4722BA8DBA001AD90E /* Extensions */,
				76A11D4622BA8D86001AD90E /* Controllers */,
				76A11D4122BA8D0F001AD90E /* Models */,
				764B521522AEDF4200997DF1 /* AppDelegate.swift */,
				764B521F22AEDF4200997DF1 /* Assets.xcassets */,
				764B522122AEDF4200997DF1 /* LaunchScreen.storyboard */,
				764B522422AEDF4200997DF1 /* Info.plist */,
				764B521C22AEDF4200997DF1 /* MovieApp.xcdatamodeld */,
			);
			path = MovieApp;
			sourceTree = "<group>";
		};
		764B522C22AEDF4200997DF1 /* MovieAppTests */ = {
			isa = PBXGroup;
			children = (
				764B522D22AEDF4200997DF1 /* MovieAppTests.swift */,
				764B522F22AEDF4200997DF1 /* Info.plist */,
			);
			path = MovieAppTests;
			sourceTree = "<group>";
		};
		764B523722AEDF4200997DF1 /* MovieAppUITests */ = {
			isa = PBXGroup;
			children = (
				764B523822AEDF4200997DF1 /* MovieAppUITests.swift */,
				764B523A22AEDF4200997DF1 /* Info.plist */,
			);
			path = MovieAppUITests;
			sourceTree = "<group>";
		};
		76A11D4122BA8D0F001AD90E /* Models */ = {
			isa = PBXGroup;
			children = (
				76A11D4222BA8D24001AD90E /* Movie.swift */,
				76A11D4422BA8D4D001AD90E /* MovieCategory.swift */,
			);
			path = Models;
			sourceTree = "<group>";
		};
		76A11D4622BA8D86001AD90E /* Controllers */ = {
			isa = PBXGroup;
			children = (
				76ABDA7C22B7B0AB002F3C2D /* MovieDetailController.swift */,
				764B521722AEDF4200997DF1 /* ListMoviesViewController.swift */,
			);
			path = Controllers;
			sourceTree = "<group>";
		};
		76A11D4722BA8DBA001AD90E /* Extensions */ = {
			isa = PBXGroup;
			children = (
				76A11D4822BA8DD0001AD90E /* Extensions.swift */,
			);
			path = Extensions;
			sourceTree = "<group>";
		};
		76A11D4A22BA8DF0001AD90E /* Views */ = {
			isa = PBXGroup;
			children = (
				76ABDA7E22B844F9002F3C2D /* ScreenShotCell.swift */,
				764B524622AEF46600997DF1 /* CategoryCell.swift */,
				76A11D4B22BA8E0A001AD90E /* BaseCell.swift */,
				76A11D4D22BA8E29001AD90E /* MovieDetailDescriptionCell.swift */,
				76A11D4F22BA8E82001AD90E /* MovieDetailHeader.swift */,
				76A11D5122BA8EFB001AD90E /* MovieCell.swift */,
				76A11D5322BA8F45001AD90E /* ScreenshotImageCell.swift */,
			);
			path = Views;
			sourceTree = "<group>";
		};
/* End PBXGroup section */

/* Begin PBXNativeTarget section */
		764B521122AEDF4200997DF1 /* MovieApp */ = {
			isa = PBXNativeTarget;
			buildConfigurationList = 764B523D22AEDF4200997DF1 /* Build configuration list for PBXNativeTarget "MovieApp" */;
			buildPhases = (
				764B520E22AEDF4200997DF1 /* Sources */,
				764B520F22AEDF4200997DF1 /* Frameworks */,
				764B521022AEDF4200997DF1 /* Resources */,
			);
			buildRules = (
			);
			dependencies = (
			);
			name = MovieApp;
			productName = AppStoreApp;
			productReference = 764B521222AEDF4200997DF1 /* MovieApp.app */;
			productType = "com.apple.product-type.application";
		};
		764B522822AEDF4200997DF1 /* MovieAppTests */ = {
			isa = PBXNativeTarget;
			buildConfigurationList = 764B524022AEDF4200997DF1 /* Build configuration list for PBXNativeTarget "MovieAppTests" */;
			buildPhases = (
				764B522522AEDF4200997DF1 /* Sources */,
				764B522622AEDF4200997DF1 /* Frameworks */,
				764B522722AEDF4200997DF1 /* Resources */,
			);
			buildRules = (
			);
			dependencies = (
				764B522B22AEDF4200997DF1 /* PBXTargetDependency */,
			);
			name = MovieAppTests;
			productName = AppStoreAppTests;
			productReference = 764B522922AEDF4200997DF1 /* MovieAppTests.xctest */;
			productType = "com.apple.product-type.bundle.unit-test";
		};
		764B523322AEDF4200997DF1 /* MovieAppUITests */ = {
			isa = PBXNativeTarget;
			buildConfigurationList = 764B524322AEDF4200997DF1 /* Build configuration list for PBXNativeTarget "MovieAppUITests" */;
			buildPhases = (
				764B523022AEDF4200997DF1 /* Sources */,
				764B523122AEDF4200997DF1 /* Frameworks */,
				764B523222AEDF4200997DF1 /* Resources */,
			);
			buildRules = (
			);
			dependencies = (
				764B523622AEDF4200997DF1 /* PBXTargetDependency */,
			);
			name = MovieAppUITests;
			productName = AppStoreAppUITests;
			productReference = 764B523422AEDF4200997DF1 /* MovieAppUITests.xctest */;
			productType = "com.apple.product-type.bundle.ui-testing";
		};
/* End PBXNativeTarget section */

/* Begin PBXProject section */
		764B520A22AEDF4200997DF1 /* Project object */ = {
			isa = PBXProject;
			attributes = {
				LastSwiftUpdateCheck = 0920;
				LastUpgradeCheck = 0920;
				ORGANIZATIONNAME = "MACBOOK PRO RETINA";
				TargetAttributes = {
					764B521122AEDF4200997DF1 = {
						CreatedOnToolsVersion = 9.2;
						ProvisioningStyle = Automatic;
					};
					764B522822AEDF4200997DF1 = {
						CreatedOnToolsVersion = 9.2;
						ProvisioningStyle = Automatic;
						TestTargetID = 764B521122AEDF4200997DF1;
					};
					764B523322AEDF4200997DF1 = {
						CreatedOnToolsVersion = 9.2;
						ProvisioningStyle = Automatic;
						TestTargetID = 764B521122AEDF4200997DF1;
					};
				};
			};
			buildConfigurationList = 764B520D22AEDF4200997DF1 /* Build configuration list for PBXProject "MovieApp" */;
			compatibilityVersion = "Xcode 8.0";
			developmentRegion = en;
			hasScannedForEncodings = 0;
			knownRegions = (
				en,
				Base,
			);
			mainGroup = 764B520922AEDF4200997DF1;
			productRefGroup = 764B521322AEDF4200997DF1 /* Products */;
			projectDirPath = "";
			projectRoot = "";
			targets = (
				764B521122AEDF4200997DF1 /* MovieApp */,
				764B522822AEDF4200997DF1 /* MovieAppTests */,
				764B523322AEDF4200997DF1 /* MovieAppUITests */,
			);
		};
/* End PBXProject section */

/* Begin PBXResourcesBuildPhase section */
		764B521022AEDF4200997DF1 /* Resources */ = {
			isa = PBXResourcesBuildPhase;
			buildActionMask = 2147483647;
			files = (
				764B522322AEDF4200997DF1 /* LaunchScreen.storyboard in Resources */,
				764B522022AEDF4200997DF1 /* Assets.xcassets in Resources */,
			);
			runOnlyForDeploymentPostprocessing = 0;
		};
		764B522722AEDF4200997DF1 /* Resources */ = {
			isa = PBXResourcesBuildPhase;
			buildActionMask = 2147483647;
			files = (
			);
			runOnlyForDeploymentPostprocessing = 0;
		};
		764B523222AEDF4200997DF1 /* Resources */ = {
			isa = PBXResourcesBuildPhase;
			buildActionMask = 2147483647;
			files = (
			);
			runOnlyForDeploymentPostprocessing = 0;
		};
/* End PBXResourcesBuildPhase section */

/* Begin PBXSourcesBuildPhase section */
		764B520E22AEDF4200997DF1 /* Sources */ = {
			isa = PBXSourcesBuildPhase;
			buildActionMask = 2147483647;
			files = (
				76A11D5222BA8EFB001AD90E /* MovieCell.swift in Sources */,
				764B521822AEDF4200997DF1 /* ListMoviesViewController.swift in Sources */,
				76A11D4922BA8DD0001AD90E /* Extensions.swift in Sources */,
				76A11D5022BA8E82001AD90E /* MovieDetailHeader.swift in Sources */,
				764B521E22AEDF4200997DF1 /* MovieApp.xcdatamodeld in Sources */,
				76ABDA7F22B844F9002F3C2D /* ScreenShotCell.swift in Sources */,
				76A11D4522BA8D4D001AD90E /* MovieCategory.swift in Sources */,
				764B521622AEDF4200997DF1 /* AppDelegate.swift in Sources */,
				76ABDA7D22B7B0AB002F3C2D /* MovieDetailController.swift in Sources */,
				764B524722AEF46600997DF1 /* CategoryCell.swift in Sources */,
				76A11D4C22BA8E0A001AD90E /* BaseCell.swift in Sources */,
				76A11D4322BA8D24001AD90E /* Movie.swift in Sources */,
				76A11D4E22BA8E29001AD90E /* MovieDetailDescriptionCell.swift in Sources */,
				76A11D5422BA8F45001AD90E /* ScreenshotImageCell.swift in Sources */,
			);
			runOnlyForDeploymentPostprocessing = 0;
		};
		764B522522AEDF4200997DF1 /* Sources */ = {
			isa = PBXSourcesBuildPhase;
			buildActionMask = 2147483647;
			files = (
				764B522E22AEDF4200997DF1 /* MovieAppTests.swift in Sources */,
			);
			runOnlyForDeploymentPostprocessing = 0;
		};
		764B523022AEDF4200997DF1 /* Sources */ = {
			isa = PBXSourcesBuildPhase;
			buildActionMask = 2147483647;
			files = (
				764B523922AEDF4200997DF1 /* MovieAppUITests.swift in Sources */,
			);
			runOnlyForDeploymentPostprocessing = 0;
		};
/* End PBXSourcesBuildPhase section */

/* Begin PBXTargetDependency section */
		764B522B22AEDF4200997DF1 /* PBXTargetDependency */ = {
			isa = PBXTargetDependency;
			target = 764B521122AEDF4200997DF1 /* MovieApp */;
			targetProxy = 764B522A22AEDF4200997DF1 /* PBXContainerItemProxy */;
		};
		764B523622AEDF4200997DF1 /* PBXTargetDependency */ = {
			isa = PBXTargetDependency;
			target = 764B521122AEDF4200997DF1 /* MovieApp */;
			targetProxy = 764B523522AEDF4200997DF1 /* PBXContainerItemProxy */;
		};
/* End PBXTargetDependency section */

/* Begin PBXVariantGroup section */
		764B522122AEDF4200997DF1 /* LaunchScreen.storyboard */ = {
			isa = PBXVariantGroup;
			children = (
				764B522222AEDF4200997DF1 /* Base */,
			);
			name = LaunchScreen.storyboard;
			sourceTree = "<group>";
		};
/* End PBXVariantGroup section */

/* Begin XCBuildConfiguration section */
		764B523B22AEDF4200997DF1 /* Debug */ = {
			isa = XCBuildConfiguration;
			buildSettings = {
				ALWAYS_SEARCH_USER_PATHS = NO;
				CLANG_ANALYZER_NONNULL = YES;
				CLANG_ANALYZER_NUMBER_OBJECT_CONVERSION = YES_AGGRESSIVE;
				CLANG_CXX_LANGUAGE_STANDARD = "gnu++14";
				CLANG_CXX_LIBRARY = "libc++";
				CLANG_ENABLE_MODULES = YES;
				CLANG_ENABLE_OBJC_ARC = YES;
				CLANG_WARN_BLOCK_CAPTURE_AUTORELEASING = YES;
				CLANG_WARN_BOOL_CONVERSION = YES;
				CLANG_WARN_COMMA = YES;
				CLANG_WARN_CONSTANT_CONVERSION = YES;
				CLANG_WARN_DIRECT_OBJC_ISA_USAGE = YES_ERROR;
				CLANG_WARN_DOCUMENTATION_COMMENTS = YES;
				CLANG_WARN_EMPTY_BODY = YES;
				CLANG_WARN_ENUM_CONVERSION = YES;
				CLANG_WARN_INFINITE_RECURSION = YES;
				CLANG_WARN_INT_CONVERSION = YES;
				CLANG_WARN_NON_LITERAL_NULL_CONVERSION = YES;
				CLANG_WARN_OBJC_LITERAL_CONVERSION = YES;
				CLANG_WARN_OBJC_ROOT_CLASS = YES_ERROR;
				CLANG_WARN_RANGE_LOOP_ANALYSIS = YES;
				CLANG_WARN_STRICT_PROTOTYPES = YES;
				CLANG_WARN_SUSPICIOUS_MOVE = YES;
				CLANG_WARN_UNGUARDED_AVAILABILITY = YES_AGGRESSIVE;
				CLANG_WARN_UNREACHABLE_CODE = YES;
				CLANG_WARN__DUPLICATE_METHOD_MATCH = YES;
				CODE_SIGN_IDENTITY = "iPhone Developer";
				COPY_PHASE_STRIP = NO;
				DEBUG_INFORMATION_FORMAT = dwarf;
				ENABLE_STRICT_OBJC_MSGSEND = YES;
				ENABLE_TESTABILITY = YES;
				GCC_C_LANGUAGE_STANDARD = gnu11;
				GCC_DYNAMIC_NO_PIC = NO;
				GCC_NO_COMMON_BLOCKS = YES;
				GCC_OPTIMIZATION_LEVEL = 0;
				GCC_PREPROCESSOR_DEFINITIONS = (
					"DEBUG=1",
					"$(inherited)",
				);
				GCC_WARN_64_TO_32_BIT_CONVERSION = YES;
				GCC_WARN_ABOUT_RETURN_TYPE = YES_ERROR;
				GCC_WARN_UNDECLARED_SELECTOR = YES;
				GCC_WARN_UNINITIALIZED_AUTOS = YES_AGGRESSIVE;
				GCC_WARN_UNUSED_FUNCTION = YES;
				GCC_WARN_UNUSED_VARIABLE = YES;
				IPHONEOS_DEPLOYMENT_TARGET = 11.2;
				MTL_ENABLE_DEBUG_INFO = YES;
				ONLY_ACTIVE_ARCH = YES;
				SDKROOT = iphoneos;
				SWIFT_ACTIVE_COMPILATION_CONDITIONS = DEBUG;
				SWIFT_OPTIMIZATION_LEVEL = "-Onone";
			};
			name = Debug;
		};
		764B523C22AEDF4200997DF1 /* Release */ = {
			isa = XCBuildConfiguration;
			buildSettings = {
				ALWAYS_SEARCH_USER_PATHS = NO;
				CLANG_ANALYZER_NONNULL = YES;
				CLANG_ANALYZER_NUMBER_OBJECT_CONVERSION = YES_AGGRESSIVE;
				CLANG_CXX_LANGUAGE_STANDARD = "gnu++14";
				CLANG_CXX_LIBRARY = "libc++";
				CLANG_ENABLE_MODULES = YES;
				CLANG_ENABLE_OBJC_ARC = YES;
				CLANG_WARN_BLOCK_CAPTURE_AUTORELEASING = YES;
				CLANG_WARN_BOOL_CONVERSION = YES;
				CLANG_WARN_COMMA = YES;
				CLANG_WARN_CONSTANT_CONVERSION = YES;
				CLANG_WARN_DIRECT_OBJC_ISA_USAGE = YES_ERROR;
				CLANG_WARN_DOCUMENTATION_COMMENTS = YES;
				CLANG_WARN_EMPTY_BODY = YES;
				CLANG_WARN_ENUM_CONVERSION = YES;
				CLANG_WARN_INFINITE_RECURSION = YES;
				CLANG_WARN_INT_CONVERSION = YES;
				CLANG_WARN_NON_LITERAL_NULL_CONVERSION = YES;
				CLANG_WARN_OBJC_LITERAL_CONVERSION = YES;
				CLANG_WARN_OBJC_ROOT_CLASS = YES_ERROR;
				CLANG_WARN_RANGE_LOOP_ANALYSIS = YES;
				CLANG_WARN_STRICT_PROTOTYPES = YES;
				CLANG_WARN_SUSPICIOUS_MOVE = YES;
				CLANG_WARN_UNGUARDED_AVAILABILITY = YES_AGGRESSIVE;
				CLANG_WARN_UNREACHABLE_CODE = YES;
				CLANG_WARN__DUPLICATE_METHOD_MATCH = YES;
				CODE_SIGN_IDENTITY = "iPhone Developer";
				COPY_PHASE_STRIP = NO;
				DEBUG_INFORMATION_FORMAT = "dwarf-with-dsym";
				ENABLE_NS_ASSERTIONS = NO;
				ENABLE_STRICT_OBJC_MSGSEND = YES;
				GCC_C_LANGUAGE_STANDARD = gnu11;
				GCC_NO_COMMON_BLOCKS = YES;
				GCC_WARN_64_TO_32_BIT_CONVERSION = YES;
				GCC_WARN_ABOUT_RETURN_TYPE = YES_ERROR;
				GCC_WARN_UNDECLARED_SELECTOR = YES;
				GCC_WARN_UNINITIALIZED_AUTOS = YES_AGGRESSIVE;
				GCC_WARN_UNUSED_FUNCTION = YES;
				GCC_WARN_UNUSED_VARIABLE = YES;
				IPHONEOS_DEPLOYMENT_TARGET = 11.2;
				MTL_ENABLE_DEBUG_INFO = NO;
				SDKROOT = iphoneos;
				SWIFT_OPTIMIZATION_LEVEL = "-Owholemodule";
				VALIDATE_PRODUCT = YES;
			};
			name = Release;
		};
		764B523E22AEDF4200997DF1 /* Debug */ = {
			isa = XCBuildConfiguration;
			buildSettings = {
				ASSETCATALOG_COMPILER_APPICON_NAME = AppIcon;
				CODE_SIGN_STYLE = Automatic;
				DEVELOPMENT_TEAM = WG5JPDZ522;
				INFOPLIST_FILE = MovieApp/Info.plist;
				LD_RUNPATH_SEARCH_PATHS = "$(inherited) @executable_path/Frameworks";
				PRODUCT_BUNDLE_IDENTIFIER = test.MovieApp;
				PRODUCT_NAME = "$(TARGET_NAME)";
				SWIFT_VERSION = 4.0;
				TARGETED_DEVICE_FAMILY = "1,2";
			};
			name = Debug;
		};
		764B523F22AEDF4200997DF1 /* Release */ = {
			isa = XCBuildConfiguration;
			buildSettings = {
				ASSETCATALOG_COMPILER_APPICON_NAME = AppIcon;
				CODE_SIGN_STYLE = Automatic;
				DEVELOPMENT_TEAM = WG5JPDZ522;
				INFOPLIST_FILE = MovieApp/Info.plist;
				LD_RUNPATH_SEARCH_PATHS = "$(inherited) @executable_path/Frameworks";
				PRODUCT_BUNDLE_IDENTIFIER = test.MovieApp;
				PRODUCT_NAME = "$(TARGET_NAME)";
				SWIFT_VERSION = 4.0;
				TARGETED_DEVICE_FAMILY = "1,2";
			};
			name = Release;
		};
		764B524122AEDF4200997DF1 /* Debug */ = {
			isa = XCBuildConfiguration;
			buildSettings = {
				ALWAYS_EMBED_SWIFT_STANDARD_LIBRARIES = YES;
				BUNDLE_LOADER = "$(TEST_HOST)";
				CODE_SIGN_STYLE = Automatic;
				DEVELOPMENT_TEAM = WG5JPDZ522;
				INFOPLIST_FILE = MovieAppTests/Info.plist;
				LD_RUNPATH_SEARCH_PATHS = "$(inherited) @executable_path/Frameworks @loader_path/Frameworks";
				PRODUCT_BUNDLE_IDENTIFIER = test.MovieAppTests;
				PRODUCT_NAME = "$(TARGET_NAME)";
				SWIFT_VERSION = 4.0;
				TARGETED_DEVICE_FAMILY = "1,2";
				TEST_HOST = "$(BUILT_PRODUCTS_DIR)/MovieApp.app/MovieApp";
			};
			name = Debug;
		};
		764B524222AEDF4200997DF1 /* Release */ = {
			isa = XCBuildConfiguration;
			buildSettings = {
				ALWAYS_EMBED_SWIFT_STANDARD_LIBRARIES = YES;
				BUNDLE_LOADER = "$(TEST_HOST)";
				CODE_SIGN_STYLE = Automatic;
				DEVELOPMENT_TEAM = WG5JPDZ522;
				INFOPLIST_FILE = MovieAppTests/Info.plist;
				LD_RUNPATH_SEARCH_PATHS = "$(inherited) @executable_path/Frameworks @loader_path/Frameworks";
				PRODUCT_BUNDLE_IDENTIFIER = test.MovieAppTests;
				PRODUCT_NAME = "$(TARGET_NAME)";
				SWIFT_VERSION = 4.0;
				TARGETED_DEVICE_FAMILY = "1,2";
				TEST_HOST = "$(BUILT_PRODUCTS_DIR)/MovieApp.app/MovieApp";
			};
			name = Release;
		};
		764B524422AEDF4200997DF1 /* Debug */ = {
			isa = XCBuildConfiguration;
			buildSettings = {
				ALWAYS_EMBED_SWIFT_STANDARD_LIBRARIES = YES;
				CODE_SIGN_STYLE = Automatic;
				DEVELOPMENT_TEAM = WG5JPDZ522;
				INFOPLIST_FILE = MovieAppUITests/Info.plist;
				LD_RUNPATH_SEARCH_PATHS = "$(inherited) @executable_path/Frameworks @loader_path/Frameworks";
				PRODUCT_BUNDLE_IDENTIFIER = test.MovieAppUITests;
				PRODUCT_NAME = "$(TARGET_NAME)";
				SWIFT_VERSION = 4.0;
				TARGETED_DEVICE_FAMILY = "1,2";
				TEST_TARGET_NAME = MovieApp;
			};
			name = Debug;
		};
		764B524522AEDF4200997DF1 /* Release */ = {
			isa = XCBuildConfiguration;
			buildSettings = {
				ALWAYS_EMBED_SWIFT_STANDARD_LIBRARIES = YES;
				CODE_SIGN_STYLE = Automatic;
				DEVELOPMENT_TEAM = WG5JPDZ522;
				INFOPLIST_FILE = MovieAppUITests/Info.plist;
				LD_RUNPATH_SEARCH_PATHS = "$(inherited) @executable_path/Frameworks @loader_path/Frameworks";
				PRODUCT_BUNDLE_IDENTIFIER = test.MovieAppUITests;
				PRODUCT_NAME = "$(TARGET_NAME)";
				SWIFT_VERSION = 4.0;
				TARGETED_DEVICE_FAMILY = "1,2";
				TEST_TARGET_NAME = MovieApp;
			};
			name = Release;
		};
/* End XCBuildConfiguration section */

/* Begin XCConfigurationList section */
		764B520D22AEDF4200997DF1 /* Build configuration list for PBXProject "MovieApp" */ = {
			isa = XCConfigurationList;
			buildConfigurations = (
				764B523B22AEDF4200997DF1 /* Debug */,
				764B523C22AEDF4200997DF1 /* Release */,
			);
			defaultConfigurationIsVisible = 0;
			defaultConfigurationName = Release;
		};
		764B523D22AEDF4200997DF1 /* Build configuration list for PBXNativeTarget "MovieApp" */ = {
			isa = XCConfigurationList;
			buildConfigurations = (
				764B523E22AEDF4200997DF1 /* Debug */,
				764B523F22AEDF4200997DF1 /* Release */,
			);
			defaultConfigurationIsVisible = 0;
			defaultConfigurationName = Release;
		};
		764B524022AEDF4200997DF1 /* Build configuration list for PBXNativeTarget "MovieAppTests" */ = {
			isa = XCConfigurationList;
			buildConfigurations = (
				764B524122AEDF4200997DF1 /* Debug */,
				764B524222AEDF4200997DF1 /* Release */,
			);
			defaultConfigurationIsVisible = 0;
			defaultConfigurationName = Release;
		};
		764B524322AEDF4200997DF1 /* Build configuration list for PBXNativeTarget "MovieAppUITests" */ = {
			isa = XCConfigurationList;
			buildConfigurations = (
				764B524422AEDF4200997DF1 /* Debug */,
				764B524522AEDF4200997DF1 /* Release */,
			);
			defaultConfigurationIsVisible = 0;
			defaultConfigurationName = Release;
		};
/* End XCConfigurationList section */

/* Begin XCVersionGroup section */
		764B521C22AEDF4200997DF1 /* MovieApp.xcdatamodeld */ = {
			isa = XCVersionGroup;
			children = (
				764B521D22AEDF4200997DF1 /* AppStoreApp.xcdatamodel */,
			);
			currentVersion = 764B521D22AEDF4200997DF1 /* AppStoreApp.xcdatamodel */;
			path = MovieApp.xcdatamodeld;
			sourceTree = "<group>";
			versionGroupType = wrapper.xcdatamodel;
		};
/* End XCVersionGroup section */
	};
	rootObject = 764B520A22AEDF4200997DF1 /* Project object */;
}
